github.com/adippel/gs1engine-go v0.0.0-20250725084854-dcea8f7a791e h1:MLvoBfERM3TdMx61a5dOxcBaZDRxthOf0PHmtdysfkU=
github.com/adippel/gs1engine-go v0.0.0-20250725084854-dcea8f7a791e/go.mod h1:tRQsHLnRGoJXvcsszHrNbEpAtAIPe7g3fuzQlm1sdpc=
github.com/adippel/gs1engine-go v0.0.0-20250725093013-e1f8b3e838d8 h1:UuPdmhp+2qG/p7vjw9wDxDWOi5nohsPcgzsz76EVta8=
github.com/adippel/gs1engine-go v0.0.0-20250725093013-e1f8b3e838d8/go.mod h1:tRQsHLnRGoJXvcsszHrNbEpAtAIPe7g3fuzQlm1sdpc=
github.com/adippel/gs1engine-go v0.0.0-20250726130928-02d28d961f28 h1:5GjWzwAAeSp1bTwR7d8KTH/+Dme6stC5vr8/nssg0/c=
github.com/adippel/gs1engine-go v0.0.0-20250726130928-02d28d961f28/go.mod h1:tRQsHLnRGoJXvcsszHrNbEpAtAIPe7g3fuzQlm1sdpc=
